
Microsoft Visual Studio Solution File, Format Version 12.00
# Visual Studio Version 16
VisualStudioVersion = 16.0.31205.134
MinimumVisualStudioVersion = 10.0.40219.1
Project("{FAE04EC0-301F-11D3-BF4B-00C04F79EFBC}") = "UsbSerialForAndroid", "UsbSerialForAndroid\UsbSerialForAndroid.csproj", "{A64567BC-548A-4CB7-9F2C-ECE75EE1A868}"
EndProject
Project("{FAE04EC0-301F-11D3-BF4B-00C04F79EFBC}") = "AndroidUsbServer.Android", "AndroidUsbServer\AndroidUsbServer.Android\AndroidUsbServer.Android.csproj", "{68F6E48F-864F-4F62-BA41-7D89F454A9C5}"
EndProject
Project("{9A19103F-16F7-4668-BE54-9A1E7A4F7556}") = "AndroidUsbServer", "AndroidUsbServer\AndroidUsbServer\AndroidUsbServer.csproj", "{9E6CA305-CE61-47D5-918C-7BD13E91D219}"
EndProject
Global
	GlobalSection(SolutionConfigurationPlatforms) = preSolution
		Debug|Any CPU = Debug|Any CPU
		Release|Any CPU = Release|Any CPU
	EndGlobalSection
	GlobalSection(ProjectConfigurationPlatforms) = postSolution
		{A64567BC-548A-4CB7-9F2C-ECE75EE1A868}.Debug|Any CPU.ActiveCfg = Debug|Any CPU
		{A64567BC-548A-4CB7-9F2C-ECE75EE1A868}.Debug|Any CPU.Build.0 = Debug|Any CPU
		{A64567BC-548A-4CB7-9F2C-ECE75EE1A868}.Release|Any CPU.ActiveCfg = Release|Any CPU
		{A64567BC-548A-4CB7-9F2C-ECE75EE1A868}.Release|Any CPU.Build.0 = Release|Any CPU
		{68F6E48F-864F-4F62-BA41-7D89F454A9C5}.Debug|Any CPU.ActiveCfg = Debug|Any CPU
		{68F6E48F-864F-4F62-BA41-7D89F454A9C5}.Debug|Any CPU.Build.0 = Debug|Any CPU
		{68F6E48F-864F-4F62-BA41-7D89F454A9C5}.Debug|Any CPU.Deploy.0 = Debug|Any CPU
		{68F6E48F-864F-4F62-BA41-7D89F454A9C5}.Release|Any CPU.ActiveCfg = Release|Any CPU
		{68F6E48F-864F-4F62-BA41-7D89F454A9C5}.Release|Any CPU.Build.0 = Release|Any CPU
		{68F6E48F-864F-4F62-BA41-7D89F454A9C5}.Release|Any CPU.Deploy.0 = Release|Any CPU
		{9E6CA305-CE61-47D5-918C-7BD13E91D219}.Debug|Any CPU.ActiveCfg = Debug|Any CPU
		{9E6CA305-CE61-47D5-918C-7BD13E91D219}.Debug|Any CPU.Build.0 = Debug|Any CPU
		{9E6CA305-CE61-47D5-918C-7BD13E91D219}.Release|Any CPU.ActiveCfg = Release|Any CPU
		{9E6CA305-CE61-47D5-918C-7BD13E91D219}.Release|Any CPU.Build.0 = Release|Any CPU
	EndGlobalSection
	GlobalSection(SolutionProperties) = preSolution
		HideSolutionNode = FALSE
	EndGlobalSection
	GlobalSection(ExtensibilityGlobals) = postSolution
		SolutionGuid = {0F6F4E1D-23A2-4451-A05D-7E4A3138E025}
	EndGlobalSection
EndGlobal
